
Microsoft Visual Studio Solution File, Format Version 12.00
# Visual Studio 15
VisualStudioVersion = 15.0.28010.2046
MinimumVisualStudioVersion = 10.0.40219.1
Project("{FAE04EC0-301F-11D3-BF4B-00C04F79EFBC}") = "Colin_Biblio", "Colin_Biblio\Colin_Biblio.csproj", "{615F3230-E42E-4FEC-BB0D-C373995B2ACB}"
EndProject
Project("{FAE04EC0-301F-11D3-BF4B-00C04F79EFBC}") = "Colin_Biblio.Tests", "Colin_Biblio.Tests\Colin_Biblio.Tests.csproj", "{3D4C17EE-EAD0-454A-8462-E64A532CD530}"
EndProject
Global
	GlobalSection(SolutionConfigurationPlatforms) = preSolution
		Debug|Any CPU = Debug|Any CPU
		Release|Any CPU = Release|Any CPU
	EndGlobalSection
	GlobalSection(ProjectConfigurationPlatforms) = postSolution
		{615F3230-E42E-4FEC-BB0D-C373995B2ACB}.Debug|Any CPU.ActiveCfg = Debug|Any CPU
		{615F3230-E42E-4FEC-BB0D-C373995B2ACB}.Debug|Any CPU.Build.0 = Debug|Any CPU
		{615F3230-E42E-4FEC-BB0D-C373995B2ACB}.Release|Any CPU.ActiveCfg = Release|Any CPU
		{615F3230-E42E-4FEC-BB0D-C373995B2ACB}.Release|Any CPU.Build.0 = Release|Any CPU
		{3D4C17EE-EAD0-454A-8462-E64A532CD530}.Debug|Any CPU.ActiveCfg = Debug|Any CPU
		{3D4C17EE-EAD0-454A-8462-E64A532CD530}.Debug|Any CPU.Build.0 = Debug|Any CPU
		{3D4C17EE-EAD0-454A-8462-E64A532CD530}.Release|Any CPU.ActiveCfg = Release|Any CPU
		{3D4C17EE-EAD0-454A-8462-E64A532CD530}.Release|Any CPU.Build.0 = Release|Any CPU
	EndGlobalSection
	GlobalSection(SolutionProperties) = preSolution
		HideSolutionNode = FALSE
	EndGlobalSection
	GlobalSection(ExtensibilityGlobals) = postSolution
		SolutionGuid = {0F2553EB-C25D-4B30-B4EF-ABFF94C5AD3A}
	EndGlobalSection
EndGlobal
